{
	"name": "node-hotworddetector",
	"version": "0.0.1",
	"lockfileVersion": 1,
	"requires": true,
	"dependencies": {
		"node-audiorecorder": {
			"version": "0.0.1",
			"resolved": "https://registry.npmjs.org/node-audiorecorder/-/node-audiorecorder-0.0.1.tgz",
			"integrity": "sha512-NIx5/gles4GyTwCsZq37n0I071lBKmnn7osG/qIfr5UYR30xzCZM0aE7MLiJXxsd9nWAVkGNqSGUkDjtVHl0Xg=="
		}
	}
}
