{
	"name": "node-hotworddetector",
	"version": "0.0.1",
	"lockfileVersion": 1,
	"requires": true,
	"dependencies": {
		"node-audiorecorder": {
			"version": "0.0.2",
			"resolved": "https://registry.npmjs.org/node-audiorecorder/-/node-audiorecorder-0.0.2.tgz",
			"integrity": "sha512-G+DLBGyZ46BIgpjHiprUsFunnJNswo1Tpr9tXp8rRfy8NH9QC7vCHPy2AtilvaRDUEM2WHzKRyXwyLfC9M2FTg=="
		}
	}
}
